
Microsoft Visual Studio Solution File, Format Version 12.00
# Visual Studio Version 17
VisualStudioVersion = 17.14.36414.22
MinimumVisualStudioVersion = 10.0.40219.1
Project("{2150E333-8FDC-42A3-9474-1A3956D46DE8}") = "Task0", "Task0", "{02EA681E-C7D8-13C7-8484-4AC65E1B71E8}"
EndProject
Project("{FAE04EC0-301F-11D3-BF4B-00C04F79EFBC}") = "Tyuiu.PupovAA.Sprint4.Task0.V25", "Tyuiu.PupovAA.Sprint4.Task0.V25\Tyuiu.PupovAA.Sprint4.Task0.V25.csproj", "{F44E6A6E-2156-45CF-BFFA-BD4902379145}"
EndProject
Project("{FAE04EC0-301F-11D3-BF4B-00C04F79EFBC}") = "Tyuiu.PupovAA.Sprint4.Task0.V25.Lib", "Tyuiu.PupovAA.Sprint4.Task0.V25.Lib\Tyuiu.PupovAA.Sprint4.Task0.V25.Lib.csproj", "{DBF4E8D0-6DA7-4534-8B3E-70E84EEA676D}"
EndProject
Project("{FAE04EC0-301F-11D3-BF4B-00C04F79EFBC}") = "Tyuiu.PupovAA.Sprint4.Task0.V25.Test", "Tyuiu.PupovAA.Sprint4.Task0.V25.Test\Tyuiu.PupovAA.Sprint4.Task0.V25.Test.csproj", "{F77EC364-52AB-4F7E-B557-A37D0291CD37}"
EndProject
Project("{2150E333-8FDC-42A3-9474-1A3956D46DE8}") = "Task1", "Task1", "{AC1CE998-9B38-43C3-9B4E-B42AF3228781}"
EndProject
Project("{FAE04EC0-301F-11D3-BF4B-00C04F79EFBC}") = "Tyuiu.PupovAA.Sprint4.Task1.V29", "Tyuiu.PupovAA.Sprint4.Task1.V29\Tyuiu.PupovAA.Sprint4.Task1.V29.csproj", "{CCF09F3C-FEE5-4A8B-A0D3-36351CE68969}"
EndProject
Project("{FAE04EC0-301F-11D3-BF4B-00C04F79EFBC}") = "Tyuiu.PupovAA.Sprint4.Task1.V29.Lib", "Tyuiu.PupovAA.Sprint4.Task1.V29.Lib\Tyuiu.PupovAA.Sprint4.Task1.V29.Lib.csproj", "{F37D8FC2-7350-408D-9F64-2AFF57DBF339}"
EndProject
Project("{FAE04EC0-301F-11D3-BF4B-00C04F79EFBC}") = "Tyuiu.PupovAA.Sprint4.Task1.V29.Test", "Tyuiu.PupovAA.Sprint4.Task1.V29.Test\Tyuiu.PupovAA.Sprint4.Task1.V29.Test.csproj", "{90E05370-9AA2-4E71-AF3D-0F785C88330E}"
EndProject
Project("{2150E333-8FDC-42A3-9474-1A3956D46DE8}") = "Task2", "Task2", "{45DF0FB6-D75F-4114-8740-5D4ADCE35182}"
EndProject
Project("{FAE04EC0-301F-11D3-BF4B-00C04F79EFBC}") = "Tyuiu.PupovAA.Sprint4.Task2.V21", "Tyuiu.PupovAA.Sprint4.Task2.V21\Tyuiu.PupovAA.Sprint4.Task2.V21.csproj", "{2F9E8807-4E58-409E-8A1D-60B3E50E27C7}"
EndProject
Project("{FAE04EC0-301F-11D3-BF4B-00C04F79EFBC}") = "Tyuiu.PupovAA.Sprint4.Task2.V21.Lib", "Tyuiu.PupovAA.Sprint4.Task2.V21.Lib\Tyuiu.PupovAA.Sprint4.Task2.V21.Lib.csproj", "{70854383-F22A-4F88-9890-992CF6A9150B}"
EndProject
Project("{FAE04EC0-301F-11D3-BF4B-00C04F79EFBC}") = "Tyuiu.PupovAA.Sprint4.Task2.V21.Test", "Tyuiu.PupovAA.Sprint4.Task2.V21.Test\Tyuiu.PupovAA.Sprint4.Task2.V21.Test.csproj", "{8B136215-8BEF-4FFD-9DDF-80CB763F18EF}"
EndProject
Global
	GlobalSection(SolutionConfigurationPlatforms) = preSolution
		Debug|Any CPU = Debug|Any CPU
		Release|Any CPU = Release|Any CPU
	EndGlobalSection
	GlobalSection(ProjectConfigurationPlatforms) = postSolution
		{F44E6A6E-2156-45CF-BFFA-BD4902379145}.Debug|Any CPU.ActiveCfg = Debug|Any CPU
		{F44E6A6E-2156-45CF-BFFA-BD4902379145}.Debug|Any CPU.Build.0 = Debug|Any CPU
		{F44E6A6E-2156-45CF-BFFA-BD4902379145}.Release|Any CPU.ActiveCfg = Release|Any CPU
		{F44E6A6E-2156-45CF-BFFA-BD4902379145}.Release|Any CPU.Build.0 = Release|Any CPU
		{DBF4E8D0-6DA7-4534-8B3E-70E84EEA676D}.Debug|Any CPU.ActiveCfg = Debug|Any CPU
		{DBF4E8D0-6DA7-4534-8B3E-70E84EEA676D}.Debug|Any CPU.Build.0 = Debug|Any CPU
		{DBF4E8D0-6DA7-4534-8B3E-70E84EEA676D}.Release|Any CPU.ActiveCfg = Release|Any CPU
		{DBF4E8D0-6DA7-4534-8B3E-70E84EEA676D}.Release|Any CPU.Build.0 = Release|Any CPU
		{F77EC364-52AB-4F7E-B557-A37D0291CD37}.Debug|Any CPU.ActiveCfg = Debug|Any CPU
		{F77EC364-52AB-4F7E-B557-A37D0291CD37}.Debug|Any CPU.Build.0 = Debug|Any CPU
		{F77EC364-52AB-4F7E-B557-A37D0291CD37}.Release|Any CPU.ActiveCfg = Release|Any CPU
		{F77EC364-52AB-4F7E-B557-A37D0291CD37}.Release|Any CPU.Build.0 = Release|Any CPU
		{CCF09F3C-FEE5-4A8B-A0D3-36351CE68969}.Debug|Any CPU.ActiveCfg = Debug|Any CPU
		{CCF09F3C-FEE5-4A8B-A0D3-36351CE68969}.Debug|Any CPU.Build.0 = Debug|Any CPU
		{CCF09F3C-FEE5-4A8B-A0D3-36351CE68969}.Release|Any CPU.ActiveCfg = Release|Any CPU
		{CCF09F3C-FEE5-4A8B-A0D3-36351CE68969}.Release|Any CPU.Build.0 = Release|Any CPU
		{F37D8FC2-7350-408D-9F64-2AFF57DBF339}.Debug|Any CPU.ActiveCfg = Debug|Any CPU
		{F37D8FC2-7350-408D-9F64-2AFF57DBF339}.Debug|Any CPU.Build.0 = Debug|Any CPU
		{F37D8FC2-7350-408D-9F64-2AFF57DBF339}.Release|Any CPU.ActiveCfg = Release|Any CPU
		{F37D8FC2-7350-408D-9F64-2AFF57DBF339}.Release|Any CPU.Build.0 = Release|Any CPU
		{90E05370-9AA2-4E71-AF3D-0F785C88330E}.Debug|Any CPU.ActiveCfg = Debug|Any CPU
		{90E05370-9AA2-4E71-AF3D-0F785C88330E}.Debug|Any CPU.Build.0 = Debug|Any CPU
		{90E05370-9AA2-4E71-AF3D-0F785C88330E}.Release|Any CPU.ActiveCfg = Release|Any CPU
		{90E05370-9AA2-4E71-AF3D-0F785C88330E}.Release|Any CPU.Build.0 = Release|Any CPU
		{2F9E8807-4E58-409E-8A1D-60B3E50E27C7}.Debug|Any CPU.ActiveCfg = Debug|Any CPU
		{2F9E8807-4E58-409E-8A1D-60B3E50E27C7}.Debug|Any CPU.Build.0 = Debug|Any CPU
		{2F9E8807-4E58-409E-8A1D-60B3E50E27C7}.Release|Any CPU.ActiveCfg = Release|Any CPU
		{2F9E8807-4E58-409E-8A1D-60B3E50E27C7}.Release|Any CPU.Build.0 = Release|Any CPU
		{70854383-F22A-4F88-9890-992CF6A9150B}.Debug|Any CPU.ActiveCfg = Debug|Any CPU
		{70854383-F22A-4F88-9890-992CF6A9150B}.Debug|Any CPU.Build.0 = Debug|Any CPU
		{70854383-F22A-4F88-9890-992CF6A9150B}.Release|Any CPU.ActiveCfg = Release|Any CPU
		{70854383-F22A-4F88-9890-992CF6A9150B}.Release|Any CPU.Build.0 = Release|Any CPU
		{8B136215-8BEF-4FFD-9DDF-80CB763F18EF}.Debug|Any CPU.ActiveCfg = Debug|Any CPU
		{8B136215-8BEF-4FFD-9DDF-80CB763F18EF}.Debug|Any CPU.Build.0 = Debug|Any CPU
		{8B136215-8BEF-4FFD-9DDF-80CB763F18EF}.Release|Any CPU.ActiveCfg = Release|Any CPU
		{8B136215-8BEF-4FFD-9DDF-80CB763F18EF}.Release|Any CPU.Build.0 = Release|Any CPU
	EndGlobalSection
	GlobalSection(SolutionProperties) = preSolution
		HideSolutionNode = FALSE
	EndGlobalSection
	GlobalSection(NestedProjects) = preSolution
		{F44E6A6E-2156-45CF-BFFA-BD4902379145} = {02EA681E-C7D8-13C7-8484-4AC65E1B71E8}
		{DBF4E8D0-6DA7-4534-8B3E-70E84EEA676D} = {02EA681E-C7D8-13C7-8484-4AC65E1B71E8}
		{F77EC364-52AB-4F7E-B557-A37D0291CD37} = {02EA681E-C7D8-13C7-8484-4AC65E1B71E8}
		{CCF09F3C-FEE5-4A8B-A0D3-36351CE68969} = {AC1CE998-9B38-43C3-9B4E-B42AF3228781}
		{F37D8FC2-7350-408D-9F64-2AFF57DBF339} = {AC1CE998-9B38-43C3-9B4E-B42AF3228781}
		{90E05370-9AA2-4E71-AF3D-0F785C88330E} = {AC1CE998-9B38-43C3-9B4E-B42AF3228781}
		{2F9E8807-4E58-409E-8A1D-60B3E50E27C7} = {45DF0FB6-D75F-4114-8740-5D4ADCE35182}
		{70854383-F22A-4F88-9890-992CF6A9150B} = {45DF0FB6-D75F-4114-8740-5D4ADCE35182}
		{8B136215-8BEF-4FFD-9DDF-80CB763F18EF} = {45DF0FB6-D75F-4114-8740-5D4ADCE35182}
	EndGlobalSection
	GlobalSection(ExtensibilityGlobals) = postSolution
		SolutionGuid = {1C1CAA44-1E92-4E7A-AC1E-5122ACF57DC4}
	EndGlobalSection
EndGlobal
